{
  "name": "src",
  "version": "file:../../../../src",
  "lockfileVersion": 2,
  "requires": true,
  "packages": {
    "": {
      "hasInstallScript": true,
      "license": "ISC",
      "dependencies": {
        "connect-sdk-client-js": "^4.0.4"
      }
    },
    "../../../src/node_modules/connect-sdk-client-js": {
      "version": "4.0.4",
      "resolved": "https://registry.npmjs.org/connect-sdk-client-js/-/connect-sdk-client-js-4.0.4.tgz",
      "integrity": "sha512-HyKl66KhdfNLBnX70PsRh+8g+sancUl5x2k1ncfJwR1GRybqc4okVPNLIlY1JWBauXIwSQQQwZy8OROXKvovAw==",
      "extraneous": true,
      "dependencies": {
        "node-forge": "^1.3.1"
      }
    },
    "../../../src/node_modules/node-forge": {
      "version": "1.3.1",
      "resolved": "https://registry.npmjs.org/node-forge/-/node-forge-1.3.1.tgz",
      "integrity": "sha512-dPEtOeMvF9VMcYV/1Wb8CPoVAXtp6MKMlcbAt4ddqmGqUJ6fQZFXkNZNkNlfevtNkGtaSoXf/vNNNSvgrdXwtA==",
      "extraneous": true,
      "engines": {
        "node": ">= 6.13.0"
      }
    },
    "node_modules/connect-sdk-client-js": {
      "version": "4.0.4",
      "resolved": "https://registry.npmjs.org/connect-sdk-client-js/-/connect-sdk-client-js-4.0.4.tgz",
      "integrity": "sha512-HyKl66KhdfNLBnX70PsRh+8g+sancUl5x2k1ncfJwR1GRybqc4okVPNLIlY1JWBauXIwSQQQwZy8OROXKvovAw==",
      "dependencies": {
        "node-forge": "^1.3.1"
      }
    },
    "node_modules/node-forge": {
      "version": "1.3.1",
      "resolved": "https://registry.npmjs.org/node-forge/-/node-forge-1.3.1.tgz",
      "integrity": "sha512-dPEtOeMvF9VMcYV/1Wb8CPoVAXtp6MKMlcbAt4ddqmGqUJ6fQZFXkNZNkNlfevtNkGtaSoXf/vNNNSvgrdXwtA==",
      "engines": {
        "node": ">= 6.13.0"
      }
    }
  },
  "dependencies": {
    "connect-sdk-client-js": {
      "version": "4.0.4",
      "resolved": "https://registry.npmjs.org/connect-sdk-client-js/-/connect-sdk-client-js-4.0.4.tgz",
      "integrity": "sha512-HyKl66KhdfNLBnX70PsRh+8g+sancUl5x2k1ncfJwR1GRybqc4okVPNLIlY1JWBauXIwSQQQwZy8OROXKvovAw==",
      "requires": {
        "node-forge": "^1.3.1"
      }
    },
    "node-forge": {
      "version": "1.3.1",
      "resolved": "https://registry.npmjs.org/node-forge/-/node-forge-1.3.1.tgz",
      "integrity": "sha512-dPEtOeMvF9VMcYV/1Wb8CPoVAXtp6MKMlcbAt4ddqmGqUJ6fQZFXkNZNkNlfevtNkGtaSoXf/vNNNSvgrdXwtA=="
    }
  }
}
